
Microsoft Visual Studio Solution File, Format Version 12.00
# Visual Studio Version 17
VisualStudioVersion = 17.4.33213.308
MinimumVisualStudioVersion = 10.0.40219.1
Project("{FAE04EC0-301F-11D3-BF4B-00C04F79EFBC}") = "PRB.Services", "PRB.Services\PRB.Services.csproj", "{D458283D-3759-4919-B7BF-DAC2D3EFA5DF}"
EndProject
Project("{FAE04EC0-301F-11D3-BF4B-00C04F79EFBC}") = "PRB.Domain", "PRB.Domain\PRB.Domain.csproj", "{A68CA9F6-1DEB-4A13-A7C1-137CF8ACA40B}"
EndProject
Project("{FAE04EC0-301F-11D3-BF4B-00C04F79EFBC}") = "PRB.Repository", "PRB.Repository\PRB.Repository.csproj", "{4A5E6DDD-C0ED-4368-B785-EF99ECC1BAFA}"
EndProject
Global
	GlobalSection(SolutionConfigurationPlatforms) = preSolution
		Debug|Any CPU = Debug|Any CPU
		Release|Any CPU = Release|Any CPU
	EndGlobalSection
	GlobalSection(ProjectConfigurationPlatforms) = postSolution
		{D458283D-3759-4919-B7BF-DAC2D3EFA5DF}.Debug|Any CPU.ActiveCfg = Debug|Any CPU
		{D458283D-3759-4919-B7BF-DAC2D3EFA5DF}.Debug|Any CPU.Build.0 = Debug|Any CPU
		{D458283D-3759-4919-B7BF-DAC2D3EFA5DF}.Release|Any CPU.ActiveCfg = Release|Any CPU
		{D458283D-3759-4919-B7BF-DAC2D3EFA5DF}.Release|Any CPU.Build.0 = Release|Any CPU
		{A68CA9F6-1DEB-4A13-A7C1-137CF8ACA40B}.Debug|Any CPU.ActiveCfg = Debug|Any CPU
		{A68CA9F6-1DEB-4A13-A7C1-137CF8ACA40B}.Debug|Any CPU.Build.0 = Debug|Any CPU
		{A68CA9F6-1DEB-4A13-A7C1-137CF8ACA40B}.Release|Any CPU.ActiveCfg = Release|Any CPU
		{A68CA9F6-1DEB-4A13-A7C1-137CF8ACA40B}.Release|Any CPU.Build.0 = Release|Any CPU
		{4A5E6DDD-C0ED-4368-B785-EF99ECC1BAFA}.Debug|Any CPU.ActiveCfg = Debug|Any CPU
		{4A5E6DDD-C0ED-4368-B785-EF99ECC1BAFA}.Debug|Any CPU.Build.0 = Debug|Any CPU
		{4A5E6DDD-C0ED-4368-B785-EF99ECC1BAFA}.Release|Any CPU.ActiveCfg = Release|Any CPU
		{4A5E6DDD-C0ED-4368-B785-EF99ECC1BAFA}.Release|Any CPU.Build.0 = Release|Any CPU
	EndGlobalSection
	GlobalSection(SolutionProperties) = preSolution
		HideSolutionNode = FALSE
	EndGlobalSection
	GlobalSection(ExtensibilityGlobals) = postSolution
		SolutionGuid = {208DEE3E-2348-430A-90A8-B140CE2BAA93}
	EndGlobalSection
EndGlobal
